<?xml version="1.0" encoding="UTF-8" standalone="yes" ?>
<CodeBlocks_project_file>
	<FileVersion major="1" minor="6" />
	<Project>
		<Option title="creature" />
		<Option pch_mode="2" />
		<Option compiler="gcc" />
		<Build>
			<Target title="Debug">
				<Option output="bin/Debug/creature" prefix_auto="1" extension_auto="1" />
				<Option object_output="obj/Debug/" />
				<Option type="1" />
				<Option compiler="gcc" />
				<Compiler>
					<Add option="-g" />
					<Add option="-DNORMAL_MODE" />
				</Compiler>
			</Target>
			<Target title="Release">
				<Option output="bin/Release/creature" prefix_auto="1" extension_auto="1" />
				<Option object_output="obj/Release/" />
				<Option type="1" />
				<Option compiler="gcc" />
				<Compiler>
					<Add option="-O2" />
				</Compiler>
				<Linker>
					<Add option="-s" />
				</Linker>
			</Target>
			<Target title="Debug test mode">
				<Option output="bin/DebugTest/creature" prefix_auto="1" extension_auto="1" />
				<Option object_output="obj/DebugTest/" />
				<Option type="1" />
				<Option compiler="gcc" />
				<Compiler>
					<Add option="-g" />
				</Compiler>
			</Target>
		</Build>
		<Compiler>
			<Add option="-Wall" />
			<Add option="-fexceptions" />
		</Compiler>
		<Unit filename="creature.h" />
		<Unit filename="ground.cpp" />
		<Unit filename="ground.h" />
		<Unit filename="inp.txt" />
		<Unit filename="inp11.txt" />
		<Unit filename="inp12.txt" />
		<Unit filename="inp13.txt" />
		<Unit filename="inp21.txt" />
		<Unit filename="inp22.txt" />
		<Unit filename="inp31.txt" />
		<Unit filename="inp32.txt" />
		<Unit filename="main.cpp" />
		<Extensions>
			<code_completion />
			<envvars />
			<debugger />
			<lib_finder disable_auto="1" />
		</Extensions>
	</Project>
</CodeBlocks_project_file>
